
Microsoft Visual Studio Solution File, Format Version 12.00
# Visual Studio 14
VisualStudioVersion = 14.0.25420.1
MinimumVisualStudioVersion = 10.0.40219.1
Project("{FAE04EC0-301F-11D3-BF4B-00C04F79EFBC}") = "Edytor kart", "Edytor kart\Edytor kart.csproj", "{1AF072BB-2106-4331-A4B1-158A74542E8D}"
EndProject
Project("{8BC9CEB8-8B4A-11D0-8D11-00A0C91BC942}") = "Arduino", "Arduino\Arduino.vcxproj", "{C5F80730-F44F-4478-BDAE-6634EFC2CA88}"
EndProject
Project("{FAE04EC0-301F-11D3-BF4B-00C04F79EFBC}") = "Gwint", "Gwint\Gwint.csproj", "{795287DC-888D-47D4-96B5-D00964B730E4}"
EndProject
Project("{D954291E-2A0B-460D-934E-DC6B0785DB48}") = "GwintCrossPlatform", "GwintCrossPlatform\GwintCrossPlatform\GwintCrossPlatform.shproj", "{07B67359-FA96-465C-A6FE-100AEDCB2611}"
EndProject
Project("{FAE04EC0-301F-11D3-BF4B-00C04F79EFBC}") = "GwintCrossPlatform.Droid", "GwintCrossPlatform\GwintCrossPlatform.Droid\GwintCrossPlatform.Droid.csproj", "{9BD455E8-6DAB-4316-A374-4E09C63EB246}"
EndProject
Project("{FAE04EC0-301F-11D3-BF4B-00C04F79EFBC}") = "GwintCrossPlatform.iOS", "GwintCrossPlatform\GwintCrossPlatform.iOS\GwintCrossPlatform.iOS.csproj", "{53C51D49-762E-4D28-893C-EE2C328331A0}"
EndProject
Project("{FAE04EC0-301F-11D3-BF4B-00C04F79EFBC}") = "GwintCrossPlatform.WinPhone", "GwintCrossPlatform\GwintCrossPlatform.WinPhone\GwintCrossPlatform.WinPhone.csproj", "{058013B0-AB23-4EF5-B1CB-DA1E26E9EF56}"
EndProject
Project("{FAE04EC0-301F-11D3-BF4B-00C04F79EFBC}") = "GwintCrossPlatform.UWP", "GwintCrossPlatform\GwintCrossPlatform.UWP\GwintCrossPlatform.UWP.csproj", "{E47A9855-DE26-4B04-BA22-B694642520B4}"
EndProject
Project("{FAE04EC0-301F-11D3-BF4B-00C04F79EFBC}") = "GwintCrossPlatform.Windows", "GwintCrossPlatform\GwintCrossPlatform.Windows\GwintCrossPlatform.Windows.csproj", "{1D6C0585-F234-4758-9317-E95039136FD2}"
EndProject
Global
	GlobalSection(SharedMSBuildProjectFiles) = preSolution
		GwintCrossPlatform\GwintCrossPlatform\GwintCrossPlatform.projitems*{058013b0-ab23-4ef5-b1cb-da1e26e9ef56}*SharedItemsImports = 4
		GwintCrossPlatform\GwintCrossPlatform\GwintCrossPlatform.projitems*{07b67359-fa96-465c-a6fe-100aedcb2611}*SharedItemsImports = 13
		GwintCrossPlatform\GwintCrossPlatform\GwintCrossPlatform.projitems*{1d6c0585-f234-4758-9317-e95039136fd2}*SharedItemsImports = 4
		GwintCrossPlatform\GwintCrossPlatform\GwintCrossPlatform.projitems*{53c51d49-762e-4d28-893c-ee2c328331a0}*SharedItemsImports = 4
		GwintCrossPlatform\GwintCrossPlatform\GwintCrossPlatform.projitems*{9bd455e8-6dab-4316-a374-4e09c63eb246}*SharedItemsImports = 4
		GwintCrossPlatform\GwintCrossPlatform\GwintCrossPlatform.projitems*{e47a9855-de26-4b04-ba22-b694642520b4}*SharedItemsImports = 4
	EndGlobalSection
	GlobalSection(SolutionConfigurationPlatforms) = preSolution
		Ad-Hoc|Any CPU = Ad-Hoc|Any CPU
		Ad-Hoc|ARM = Ad-Hoc|ARM
		Ad-Hoc|iPhone = Ad-Hoc|iPhone
		Ad-Hoc|iPhoneSimulator = Ad-Hoc|iPhoneSimulator
		Ad-Hoc|x64 = Ad-Hoc|x64
		Ad-Hoc|x86 = Ad-Hoc|x86
		AppStore|Any CPU = AppStore|Any CPU
		AppStore|ARM = AppStore|ARM
		AppStore|iPhone = AppStore|iPhone
		AppStore|iPhoneSimulator = AppStore|iPhoneSimulator
		AppStore|x64 = AppStore|x64
		AppStore|x86 = AppStore|x86
		Debug|Any CPU = Debug|Any CPU
		Debug|ARM = Debug|ARM
		Debug|iPhone = Debug|iPhone
		Debug|iPhoneSimulator = Debug|iPhoneSimulator
		Debug|x64 = Debug|x64
		Debug|x86 = Debug|x86
		Release|Any CPU = Release|Any CPU
		Release|ARM = Release|ARM
		Release|iPhone = Release|iPhone
		Release|iPhoneSimulator = Release|iPhoneSimulator
		Release|x64 = Release|x64
		Release|x86 = Release|x86
	EndGlobalSection
	GlobalSection(ProjectConfigurationPlatforms) = postSolution
		{1AF072BB-2106-4331-A4B1-158A74542E8D}.Ad-Hoc|Any CPU.ActiveCfg = Release|Any CPU
		{1AF072BB-2106-4331-A4B1-158A74542E8D}.Ad-Hoc|Any CPU.Build.0 = Release|Any CPU
		{1AF072BB-2106-4331-A4B1-158A74542E8D}.Ad-Hoc|ARM.ActiveCfg = Release|Any CPU
		{1AF072BB-2106-4331-A4B1-158A74542E8D}.Ad-Hoc|ARM.Build.0 = Release|Any CPU
		{1AF072BB-2106-4331-A4B1-158A74542E8D}.Ad-Hoc|iPhone.ActiveCfg = Release|Any CPU
		{1AF072BB-2106-4331-A4B1-158A74542E8D}.Ad-Hoc|iPhone.Build.0 = Release|Any CPU
		{1AF072BB-2106-4331-A4B1-158A74542E8D}.Ad-Hoc|iPhoneSimulator.ActiveCfg = Release|Any CPU
		{1AF072BB-2106-4331-A4B1-158A74542E8D}.Ad-Hoc|iPhoneSimulator.Build.0 = Release|Any CPU
		{1AF072BB-2106-4331-A4B1-158A74542E8D}.Ad-Hoc|x64.ActiveCfg = Release|Any CPU
		{1AF072BB-2106-4331-A4B1-158A74542E8D}.Ad-Hoc|x64.Build.0 = Release|Any CPU
		{1AF072BB-2106-4331-A4B1-158A74542E8D}.Ad-Hoc|x86.ActiveCfg = Release|Any CPU
		{1AF072BB-2106-4331-A4B1-158A74542E8D}.Ad-Hoc|x86.Build.0 = Release|Any CPU
		{1AF072BB-2106-4331-A4B1-158A74542E8D}.AppStore|Any CPU.ActiveCfg = Release|Any CPU
		{1AF072BB-2106-4331-A4B1-158A74542E8D}.AppStore|Any CPU.Build.0 = Release|Any CPU
		{1AF072BB-2106-4331-A4B1-158A74542E8D}.AppStore|ARM.ActiveCfg = Release|Any CPU
		{1AF072BB-2106-4331-A4B1-158A74542E8D}.AppStore|ARM.Build.0 = Release|Any CPU
		{1AF072BB-2106-4331-A4B1-158A74542E8D}.AppStore|iPhone.ActiveCfg = Release|Any CPU
		{1AF072BB-2106-4331-A4B1-158A74542E8D}.AppStore|iPhone.Build.0 = Release|Any CPU
		{1AF072BB-2106-4331-A4B1-158A74542E8D}.AppStore|iPhoneSimulator.ActiveCfg = Release|Any CPU
		{1AF072BB-2106-4331-A4B1-158A74542E8D}.AppStore|iPhoneSimulator.Build.0 = Release|Any CPU
		{1AF072BB-2106-4331-A4B1-158A74542E8D}.AppStore|x64.ActiveCfg = Release|Any CPU
		{1AF072BB-2106-4331-A4B1-158A74542E8D}.AppStore|x64.Build.0 = Release|Any CPU
		{1AF072BB-2106-4331-A4B1-158A74542E8D}.AppStore|x86.ActiveCfg = Release|Any CPU
		{1AF072BB-2106-4331-A4B1-158A74542E8D}.AppStore|x86.Build.0 = Release|Any CPU
		{1AF072BB-2106-4331-A4B1-158A74542E8D}.Debug|Any CPU.ActiveCfg = Debug|Any CPU
		{1AF072BB-2106-4331-A4B1-158A74542E8D}.Debug|Any CPU.Build.0 = Debug|Any CPU
		{1AF072BB-2106-4331-A4B1-158A74542E8D}.Debug|ARM.ActiveCfg = Debug|Any CPU
		{1AF072BB-2106-4331-A4B1-158A74542E8D}.Debug|ARM.Build.0 = Debug|Any CPU
		{1AF072BB-2106-4331-A4B1-158A74542E8D}.Debug|iPhone.ActiveCfg = Debug|Any CPU
		{1AF072BB-2106-4331-A4B1-158A74542E8D}.Debug|iPhone.Build.0 = Debug|Any CPU
		{1AF072BB-2106-4331-A4B1-158A74542E8D}.Debug|iPhoneSimulator.ActiveCfg = Debug|Any CPU
		{1AF072BB-2106-4331-A4B1-158A74542E8D}.Debug|iPhoneSimulator.Build.0 = Debug|Any CPU
		{1AF072BB-2106-4331-A4B1-158A74542E8D}.Debug|x64.ActiveCfg = Debug|Any CPU
		{1AF072BB-2106-4331-A4B1-158A74542E8D}.Debug|x64.Build.0 = Debug|Any CPU
		{1AF072BB-2106-4331-A4B1-158A74542E8D}.Debug|x86.ActiveCfg = Debug|Any CPU
		{1AF072BB-2106-4331-A4B1-158A74542E8D}.Debug|x86.Build.0 = Debug|Any CPU
		{1AF072BB-2106-4331-A4B1-158A74542E8D}.Release|Any CPU.ActiveCfg = Release|Any CPU
		{1AF072BB-2106-4331-A4B1-158A74542E8D}.Release|Any CPU.Build.0 = Release|Any CPU
		{1AF072BB-2106-4331-A4B1-158A74542E8D}.Release|ARM.ActiveCfg = Release|Any CPU
		{1AF072BB-2106-4331-A4B1-158A74542E8D}.Release|ARM.Build.0 = Release|Any CPU
		{1AF072BB-2106-4331-A4B1-158A74542E8D}.Release|iPhone.ActiveCfg = Release|Any CPU
		{1AF072BB-2106-4331-A4B1-158A74542E8D}.Release|iPhone.Build.0 = Release|Any CPU
		{1AF072BB-2106-4331-A4B1-158A74542E8D}.Release|iPhoneSimulator.ActiveCfg = Release|Any CPU
		{1AF072BB-2106-4331-A4B1-158A74542E8D}.Release|iPhoneSimulator.Build.0 = Release|Any CPU
		{1AF072BB-2106-4331-A4B1-158A74542E8D}.Release|x64.ActiveCfg = Release|Any CPU
		{1AF072BB-2106-4331-A4B1-158A74542E8D}.Release|x64.Build.0 = Release|Any CPU
		{1AF072BB-2106-4331-A4B1-158A74542E8D}.Release|x86.ActiveCfg = Release|Any CPU
		{1AF072BB-2106-4331-A4B1-158A74542E8D}.Release|x86.Build.0 = Release|Any CPU
		{C5F80730-F44F-4478-BDAE-6634EFC2CA88}.Ad-Hoc|Any CPU.ActiveCfg = Release|Win32
		{C5F80730-F44F-4478-BDAE-6634EFC2CA88}.Ad-Hoc|Any CPU.Build.0 = Release|Win32
		{C5F80730-F44F-4478-BDAE-6634EFC2CA88}.Ad-Hoc|ARM.ActiveCfg = Release|Win32
		{C5F80730-F44F-4478-BDAE-6634EFC2CA88}.Ad-Hoc|ARM.Build.0 = Release|Win32
		{C5F80730-F44F-4478-BDAE-6634EFC2CA88}.Ad-Hoc|iPhone.ActiveCfg = Release|Win32
		{C5F80730-F44F-4478-BDAE-6634EFC2CA88}.Ad-Hoc|iPhone.Build.0 = Release|Win32
		{C5F80730-F44F-4478-BDAE-6634EFC2CA88}.Ad-Hoc|iPhoneSimulator.ActiveCfg = Release|Win32
		{C5F80730-F44F-4478-BDAE-6634EFC2CA88}.Ad-Hoc|iPhoneSimulator.Build.0 = Release|Win32
		{C5F80730-F44F-4478-BDAE-6634EFC2CA88}.Ad-Hoc|x64.ActiveCfg = Release|Win32
		{C5F80730-F44F-4478-BDAE-6634EFC2CA88}.Ad-Hoc|x64.Build.0 = Release|Win32
		{C5F80730-F44F-4478-BDAE-6634EFC2CA88}.Ad-Hoc|x86.ActiveCfg = Release|Win32
		{C5F80730-F44F-4478-BDAE-6634EFC2CA88}.Ad-Hoc|x86.Build.0 = Release|Win32
		{C5F80730-F44F-4478-BDAE-6634EFC2CA88}.AppStore|Any CPU.ActiveCfg = Release|Win32
		{C5F80730-F44F-4478-BDAE-6634EFC2CA88}.AppStore|Any CPU.Build.0 = Release|Win32
		{C5F80730-F44F-4478-BDAE-6634EFC2CA88}.AppStore|ARM.ActiveCfg = Release|Win32
		{C5F80730-F44F-4478-BDAE-6634EFC2CA88}.AppStore|ARM.Build.0 = Release|Win32
		{C5F80730-F44F-4478-BDAE-6634EFC2CA88}.AppStore|iPhone.ActiveCfg = Release|Win32
		{C5F80730-F44F-4478-BDAE-6634EFC2CA88}.AppStore|iPhone.Build.0 = Release|Win32
		{C5F80730-F44F-4478-BDAE-6634EFC2CA88}.AppStore|iPhoneSimulator.ActiveCfg = Release|Win32
		{C5F80730-F44F-4478-BDAE-6634EFC2CA88}.AppStore|iPhoneSimulator.Build.0 = Release|Win32
		{C5F80730-F44F-4478-BDAE-6634EFC2CA88}.AppStore|x64.ActiveCfg = Release|Win32
		{C5F80730-F44F-4478-BDAE-6634EFC2CA88}.AppStore|x64.Build.0 = Release|Win32
		{C5F80730-F44F-4478-BDAE-6634EFC2CA88}.AppStore|x86.ActiveCfg = Release|Win32
		{C5F80730-F44F-4478-BDAE-6634EFC2CA88}.AppStore|x86.Build.0 = Release|Win32
		{C5F80730-F44F-4478-BDAE-6634EFC2CA88}.Debug|Any CPU.ActiveCfg = Debug|Win32
		{C5F80730-F44F-4478-BDAE-6634EFC2CA88}.Debug|ARM.ActiveCfg = Debug|Win32
		{C5F80730-F44F-4478-BDAE-6634EFC2CA88}.Debug|iPhone.ActiveCfg = Debug|Win32
		{C5F80730-F44F-4478-BDAE-6634EFC2CA88}.Debug|iPhoneSimulator.ActiveCfg = Debug|Win32
		{C5F80730-F44F-4478-BDAE-6634EFC2CA88}.Debug|x64.ActiveCfg = Debug|Win32
		{C5F80730-F44F-4478-BDAE-6634EFC2CA88}.Debug|x86.ActiveCfg = Debug|Win32
		{C5F80730-F44F-4478-BDAE-6634EFC2CA88}.Debug|x86.Build.0 = Debug|Win32
		{C5F80730-F44F-4478-BDAE-6634EFC2CA88}.Release|Any CPU.ActiveCfg = Release|Win32
		{C5F80730-F44F-4478-BDAE-6634EFC2CA88}.Release|ARM.ActiveCfg = Release|Win32
		{C5F80730-F44F-4478-BDAE-6634EFC2CA88}.Release|iPhone.ActiveCfg = Release|Win32
		{C5F80730-F44F-4478-BDAE-6634EFC2CA88}.Release|iPhoneSimulator.ActiveCfg = Release|Win32
		{C5F80730-F44F-4478-BDAE-6634EFC2CA88}.Release|x64.ActiveCfg = Release|Win32
		{C5F80730-F44F-4478-BDAE-6634EFC2CA88}.Release|x86.ActiveCfg = Release|Win32
		{C5F80730-F44F-4478-BDAE-6634EFC2CA88}.Release|x86.Build.0 = Release|Win32
		{795287DC-888D-47D4-96B5-D00964B730E4}.Ad-Hoc|Any CPU.ActiveCfg = Release|Any CPU
		{795287DC-888D-47D4-96B5-D00964B730E4}.Ad-Hoc|Any CPU.Build.0 = Release|Any CPU
		{795287DC-888D-47D4-96B5-D00964B730E4}.Ad-Hoc|Any CPU.Deploy.0 = Release|Any CPU
		{795287DC-888D-47D4-96B5-D00964B730E4}.Ad-Hoc|ARM.ActiveCfg = Release|Any CPU
		{795287DC-888D-47D4-96B5-D00964B730E4}.Ad-Hoc|ARM.Build.0 = Release|Any CPU
		{795287DC-888D-47D4-96B5-D00964B730E4}.Ad-Hoc|ARM.Deploy.0 = Release|Any CPU
		{795287DC-888D-47D4-96B5-D00964B730E4}.Ad-Hoc|iPhone.ActiveCfg = Release|Any CPU
		{795287DC-888D-47D4-96B5-D00964B730E4}.Ad-Hoc|iPhone.Build.0 = Release|Any CPU
		{795287DC-888D-47D4-96B5-D00964B730E4}.Ad-Hoc|iPhone.Deploy.0 = Release|Any CPU
		{795287DC-888D-47D4-96B5-D00964B730E4}.Ad-Hoc|iPhoneSimulator.ActiveCfg = Release|Any CPU
		{795287DC-888D-47D4-96B5-D00964B730E4}.Ad-Hoc|iPhoneSimulator.Build.0 = Release|Any CPU
		{795287DC-888D-47D4-96B5-D00964B730E4}.Ad-Hoc|iPhoneSimulator.Deploy.0 = Release|Any CPU
		{795287DC-888D-47D4-96B5-D00964B730E4}.Ad-Hoc|x64.ActiveCfg = Release|Any CPU
		{795287DC-888D-47D4-96B5-D00964B730E4}.Ad-Hoc|x64.Build.0 = Release|Any CPU
		{795287DC-888D-47D4-96B5-D00964B730E4}.Ad-Hoc|x64.Deploy.0 = Release|Any CPU
		{795287DC-888D-47D4-96B5-D00964B730E4}.Ad-Hoc|x86.ActiveCfg = Release|Any CPU
		{795287DC-888D-47D4-96B5-D00964B730E4}.Ad-Hoc|x86.Build.0 = Release|Any CPU
		{795287DC-888D-47D4-96B5-D00964B730E4}.Ad-Hoc|x86.Deploy.0 = Release|Any CPU
		{795287DC-888D-47D4-96B5-D00964B730E4}.AppStore|Any CPU.ActiveCfg = Release|Any CPU
		{795287DC-888D-47D4-96B5-D00964B730E4}.AppStore|Any CPU.Build.0 = Release|Any CPU
		{795287DC-888D-47D4-96B5-D00964B730E4}.AppStore|Any CPU.Deploy.0 = Release|Any CPU
		{795287DC-888D-47D4-96B5-D00964B730E4}.AppStore|ARM.ActiveCfg = Release|Any CPU
		{795287DC-888D-47D4-96B5-D00964B730E4}.AppStore|ARM.Build.0 = Release|Any CPU
		{795287DC-888D-47D4-96B5-D00964B730E4}.AppStore|ARM.Deploy.0 = Release|Any CPU
		{795287DC-888D-47D4-96B5-D00964B730E4}.AppStore|iPhone.ActiveCfg = Release|Any CPU
		{795287DC-888D-47D4-96B5-D00964B730E4}.AppStore|iPhone.Build.0 = Release|Any CPU
		{795287DC-888D-47D4-96B5-D00964B730E4}.AppStore|iPhone.Deploy.0 = Release|Any CPU
		{795287DC-888D-47D4-96B5-D00964B730E4}.AppStore|iPhoneSimulator.ActiveCfg = Release|Any CPU
		{795287DC-888D-47D4-96B5-D00964B730E4}.AppStore|iPhoneSimulator.Build.0 = Release|Any CPU
		{795287DC-888D-47D4-96B5-D00964B730E4}.AppStore|iPhoneSimulator.Deploy.0 = Release|Any CPU
		{795287DC-888D-47D4-96B5-D00964B730E4}.AppStore|x64.ActiveCfg = Release|Any CPU
		{795287DC-888D-47D4-96B5-D00964B730E4}.AppStore|x64.Build.0 = Release|Any CPU
		{795287DC-888D-47D4-96B5-D00964B730E4}.AppStore|x64.Deploy.0 = Release|Any CPU
		{795287DC-888D-47D4-96B5-D00964B730E4}.AppStore|x86.ActiveCfg = Release|Any CPU
		{795287DC-888D-47D4-96B5-D00964B730E4}.AppStore|x86.Build.0 = Release|Any CPU
		{795287DC-888D-47D4-96B5-D00964B730E4}.AppStore|x86.Deploy.0 = Release|Any CPU
		{795287DC-888D-47D4-96B5-D00964B730E4}.Debug|Any CPU.ActiveCfg = Debug|Any CPU
		{795287DC-888D-47D4-96B5-D00964B730E4}.Debug|Any CPU.Build.0 = Debug|Any CPU
		{795287DC-888D-47D4-96B5-D00964B730E4}.Debug|Any CPU.Deploy.0 = Debug|Any CPU
		{795287DC-888D-47D4-96B5-D00964B730E4}.Debug|ARM.ActiveCfg = Debug|Any CPU
		{795287DC-888D-47D4-96B5-D00964B730E4}.Debug|ARM.Build.0 = Debug|Any CPU
		{795287DC-888D-47D4-96B5-D00964B730E4}.Debug|ARM.Deploy.0 = Debug|Any CPU
		{795287DC-888D-47D4-96B5-D00964B730E4}.Debug|iPhone.ActiveCfg = Debug|Any CPU
		{795287DC-888D-47D4-96B5-D00964B730E4}.Debug|iPhone.Build.0 = Debug|Any CPU
		{795287DC-888D-47D4-96B5-D00964B730E4}.Debug|iPhone.Deploy.0 = Debug|Any CPU
		{795287DC-888D-47D4-96B5-D00964B730E4}.Debug|iPhoneSimulator.ActiveCfg = Debug|Any CPU
		{795287DC-888D-47D4-96B5-D00964B730E4}.Debug|iPhoneSimulator.Build.0 = Debug|Any CPU
		{795287DC-888D-47D4-96B5-D00964B730E4}.Debug|iPhoneSimulator.Deploy.0 = Debug|Any CPU
		{795287DC-888D-47D4-96B5-D00964B730E4}.Debug|x64.ActiveCfg = Debug|Any CPU
		{795287DC-888D-47D4-96B5-D00964B730E4}.Debug|x64.Build.0 = Debug|Any CPU
		{795287DC-888D-47D4-96B5-D00964B730E4}.Debug|x64.Deploy.0 = Debug|Any CPU
		{795287DC-888D-47D4-96B5-D00964B730E4}.Debug|x86.ActiveCfg = Debug|Any CPU
		{795287DC-888D-47D4-96B5-D00964B730E4}.Debug|x86.Build.0 = Debug|Any CPU
		{795287DC-888D-47D4-96B5-D00964B730E4}.Debug|x86.Deploy.0 = Debug|Any CPU
		{795287DC-888D-47D4-96B5-D00964B730E4}.Release|Any CPU.ActiveCfg = Release|Any CPU
		{795287DC-888D-47D4-96B5-D00964B730E4}.Release|Any CPU.Build.0 = Release|Any CPU
		{795287DC-888D-47D4-96B5-D00964B730E4}.Release|Any CPU.Deploy.0 = Release|Any CPU
		{795287DC-888D-47D4-96B5-D00964B730E4}.Release|ARM.ActiveCfg = Release|Any CPU
		{795287DC-888D-47D4-96B5-D00964B730E4}.Release|ARM.Build.0 = Release|Any CPU
		{795287DC-888D-47D4-96B5-D00964B730E4}.Release|ARM.Deploy.0 = Release|Any CPU
		{795287DC-888D-47D4-96B5-D00964B730E4}.Release|iPhone.ActiveCfg = Release|Any CPU
		{795287DC-888D-47D4-96B5-D00964B730E4}.Release|iPhone.Build.0 = Release|Any CPU
		{795287DC-888D-47D4-96B5-D00964B730E4}.Release|iPhone.Deploy.0 = Release|Any CPU
		{795287DC-888D-47D4-96B5-D00964B730E4}.Release|iPhoneSimulator.ActiveCfg = Release|Any CPU
		{795287DC-888D-47D4-96B5-D00964B730E4}.Release|iPhoneSimulator.Build.0 = Release|Any CPU
		{795287DC-888D-47D4-96B5-D00964B730E4}.Release|iPhoneSimulator.Deploy.0 = Release|Any CPU
		{795287DC-888D-47D4-96B5-D00964B730E4}.Release|x64.ActiveCfg = Release|Any CPU
		{795287DC-888D-47D4-96B5-D00964B730E4}.Release|x64.Build.0 = Release|Any CPU
		{795287DC-888D-47D4-96B5-D00964B730E4}.Release|x64.Deploy.0 = Release|Any CPU
		{795287DC-888D-47D4-96B5-D00964B730E4}.Release|x86.ActiveCfg = Release|Any CPU
		{795287DC-888D-47D4-96B5-D00964B730E4}.Release|x86.Build.0 = Release|Any CPU
		{795287DC-888D-47D4-96B5-D00964B730E4}.Release|x86.Deploy.0 = Release|Any CPU
		{9BD455E8-6DAB-4316-A374-4E09C63EB246}.Ad-Hoc|Any CPU.ActiveCfg = Release|Any CPU
		{9BD455E8-6DAB-4316-A374-4E09C63EB246}.Ad-Hoc|Any CPU.Build.0 = Release|Any CPU
		{9BD455E8-6DAB-4316-A374-4E09C63EB246}.Ad-Hoc|Any CPU.Deploy.0 = Release|Any CPU
		{9BD455E8-6DAB-4316-A374-4E09C63EB246}.Ad-Hoc|ARM.ActiveCfg = Release|Any CPU
		{9BD455E8-6DAB-4316-A374-4E09C63EB246}.Ad-Hoc|ARM.Build.0 = Release|Any CPU
		{9BD455E8-6DAB-4316-A374-4E09C63EB246}.Ad-Hoc|ARM.Deploy.0 = Release|Any CPU
		{9BD455E8-6DAB-4316-A374-4E09C63EB246}.Ad-Hoc|iPhone.ActiveCfg = Release|Any CPU
		{9BD455E8-6DAB-4316-A374-4E09C63EB246}.Ad-Hoc|iPhone.Build.0 = Release|Any CPU
		{9BD455E8-6DAB-4316-A374-4E09C63EB246}.Ad-Hoc|iPhone.Deploy.0 = Release|Any CPU
		{9BD455E8-6DAB-4316-A374-4E09C63EB246}.Ad-Hoc|iPhoneSimulator.ActiveCfg = Release|Any CPU
		{9BD455E8-6DAB-4316-A374-4E09C63EB246}.Ad-Hoc|iPhoneSimulator.Build.0 = Release|Any CPU
		{9BD455E8-6DAB-4316-A374-4E09C63EB246}.Ad-Hoc|iPhoneSimulator.Deploy.0 = Release|Any CPU
		{9BD455E8-6DAB-4316-A374-4E09C63EB246}.Ad-Hoc|x64.ActiveCfg = Release|Any CPU
		{9BD455E8-6DAB-4316-A374-4E09C63EB246}.Ad-Hoc|x64.Build.0 = Release|Any CPU
		{9BD455E8-6DAB-4316-A374-4E09C63EB246}.Ad-Hoc|x64.Deploy.0 = Release|Any CPU
		{9BD455E8-6DAB-4316-A374-4E09C63EB246}.Ad-Hoc|x86.ActiveCfg = Release|Any CPU
		{9BD455E8-6DAB-4316-A374-4E09C63EB246}.Ad-Hoc|x86.Build.0 = Release|Any CPU
		{9BD455E8-6DAB-4316-A374-4E09C63EB246}.Ad-Hoc|x86.Deploy.0 = Release|Any CPU
		{9BD455E8-6DAB-4316-A374-4E09C63EB246}.AppStore|Any CPU.ActiveCfg = Release|Any CPU
		{9BD455E8-6DAB-4316-A374-4E09C63EB246}.AppStore|Any CPU.Build.0 = Release|Any CPU
		{9BD455E8-6DAB-4316-A374-4E09C63EB246}.AppStore|Any CPU.Deploy.0 = Release|Any CPU
		{9BD455E8-6DAB-4316-A374-4E09C63EB246}.AppStore|ARM.ActiveCfg = Release|Any CPU
		{9BD455E8-6DAB-4316-A374-4E09C63EB246}.AppStore|ARM.Build.0 = Release|Any CPU
		{9BD455E8-6DAB-4316-A374-4E09C63EB246}.AppStore|ARM.Deploy.0 = Release|Any CPU
		{9BD455E8-6DAB-4316-A374-4E09C63EB246}.AppStore|iPhone.ActiveCfg = Release|Any CPU
		{9BD455E8-6DAB-4316-A374-4E09C63EB246}.AppStore|iPhone.Build.0 = Release|Any CPU
		{9BD455E8-6DAB-4316-A374-4E09C63EB246}.AppStore|iPhone.Deploy.0 = Release|Any CPU
		{9BD455E8-6DAB-4316-A374-4E09C63EB246}.AppStore|iPhoneSimulator.ActiveCfg = Release|Any CPU
		{9BD455E8-6DAB-4316-A374-4E09C63EB246}.AppStore|iPhoneSimulator.Build.0 = Release|Any CPU
		{9BD455E8-6DAB-4316-A374-4E09C63EB246}.AppStore|iPhoneSimulator.Deploy.0 = Release|Any CPU
		{9BD455E8-6DAB-4316-A374-4E09C63EB246}.AppStore|x64.ActiveCfg = Release|Any CPU
		{9BD455E8-6DAB-4316-A374-4E09C63EB246}.AppStore|x64.Build.0 = Release|Any CPU
		{9BD455E8-6DAB-4316-A374-4E09C63EB246}.AppStore|x64.Deploy.0 = Release|Any CPU
		{9BD455E8-6DAB-4316-A374-4E09C63EB246}.AppStore|x86.ActiveCfg = Release|Any CPU
		{9BD455E8-6DAB-4316-A374-4E09C63EB246}.AppStore|x86.Build.0 = Release|Any CPU
		{9BD455E8-6DAB-4316-A374-4E09C63EB246}.AppStore|x86.Deploy.0 = Release|Any CPU
		{9BD455E8-6DAB-4316-A374-4E09C63EB246}.Debug|Any CPU.ActiveCfg = Debug|Any CPU
		{9BD455E8-6DAB-4316-A374-4E09C63EB246}.Debug|Any CPU.Build.0 = Debug|Any CPU
		{9BD455E8-6DAB-4316-A374-4E09C63EB246}.Debug|Any CPU.Deploy.0 = Debug|Any CPU
		{9BD455E8-6DAB-4316-A374-4E09C63EB246}.Debug|ARM.ActiveCfg = Debug|Any CPU
		{9BD455E8-6DAB-4316-A374-4E09C63EB246}.Debug|ARM.Build.0 = Debug|Any CPU
		{9BD455E8-6DAB-4316-A374-4E09C63EB246}.Debug|ARM.Deploy.0 = Debug|Any CPU
		{9BD455E8-6DAB-4316-A374-4E09C63EB246}.Debug|iPhone.ActiveCfg = Debug|Any CPU
		{9BD455E8-6DAB-4316-A374-4E09C63EB246}.Debug|iPhone.Build.0 = Debug|Any CPU
		{9BD455E8-6DAB-4316-A374-4E09C63EB246}.Debug|iPhone.Deploy.0 = Debug|Any CPU
		{9BD455E8-6DAB-4316-A374-4E09C63EB246}.Debug|iPhoneSimulator.ActiveCfg = Debug|Any CPU
		{9BD455E8-6DAB-4316-A374-4E09C63EB246}.Debug|iPhoneSimulator.Build.0 = Debug|Any CPU
		{9BD455E8-6DAB-4316-A374-4E09C63EB246}.Debug|iPhoneSimulator.Deploy.0 = Debug|Any CPU
		{9BD455E8-6DAB-4316-A374-4E09C63EB246}.Debug|x64.ActiveCfg = Debug|Any CPU
		{9BD455E8-6DAB-4316-A374-4E09C63EB246}.Debug|x64.Build.0 = Debug|Any CPU
		{9BD455E8-6DAB-4316-A374-4E09C63EB246}.Debug|x64.Deploy.0 = Debug|Any CPU
		{9BD455E8-6DAB-4316-A374-4E09C63EB246}.Debug|x86.ActiveCfg = Debug|Any CPU
		{9BD455E8-6DAB-4316-A374-4E09C63EB246}.Debug|x86.Build.0 = Debug|Any CPU
		{9BD455E8-6DAB-4316-A374-4E09C63EB246}.Debug|x86.Deploy.0 = Debug|Any CPU
		{9BD455E8-6DAB-4316-A374-4E09C63EB246}.Release|Any CPU.ActiveCfg = Release|Any CPU
		{9BD455E8-6DAB-4316-A374-4E09C63EB246}.Release|Any CPU.Build.0 = Release|Any CPU
		{9BD455E8-6DAB-4316-A374-4E09C63EB246}.Release|Any CPU.Deploy.0 = Release|Any CPU
		{9BD455E8-6DAB-4316-A374-4E09C63EB246}.Release|ARM.ActiveCfg = Release|Any CPU
		{9BD455E8-6DAB-4316-A374-4E09C63EB246}.Release|ARM.Build.0 = Release|Any CPU
		{9BD455E8-6DAB-4316-A374-4E09C63EB246}.Release|ARM.Deploy.0 = Release|Any CPU
		{9BD455E8-6DAB-4316-A374-4E09C63EB246}.Release|iPhone.ActiveCfg = Release|Any CPU
		{9BD455E8-6DAB-4316-A374-4E09C63EB246}.Release|iPhone.Build.0 = Release|Any CPU
		{9BD455E8-6DAB-4316-A374-4E09C63EB246}.Release|iPhone.Deploy.0 = Release|Any CPU
		{9BD455E8-6DAB-4316-A374-4E09C63EB246}.Release|iPhoneSimulator.ActiveCfg = Release|Any CPU
		{9BD455E8-6DAB-4316-A374-4E09C63EB246}.Release|iPhoneSimulator.Build.0 = Release|Any CPU
		{9BD455E8-6DAB-4316-A374-4E09C63EB246}.Release|iPhoneSimulator.Deploy.0 = Release|Any CPU
		{9BD455E8-6DAB-4316-A374-4E09C63EB246}.Release|x64.ActiveCfg = Release|Any CPU
		{9BD455E8-6DAB-4316-A374-4E09C63EB246}.Release|x64.Build.0 = Release|Any CPU
		{9BD455E8-6DAB-4316-A374-4E09C63EB246}.Release|x64.Deploy.0 = Release|Any CPU
		{9BD455E8-6DAB-4316-A374-4E09C63EB246}.Release|x86.ActiveCfg = Release|Any CPU
		{9BD455E8-6DAB-4316-A374-4E09C63EB246}.Release|x86.Build.0 = Release|Any CPU
		{9BD455E8-6DAB-4316-A374-4E09C63EB246}.Release|x86.Deploy.0 = Release|Any CPU
		{53C51D49-762E-4D28-893C-EE2C328331A0}.Ad-Hoc|Any CPU.ActiveCfg = Ad-Hoc|iPhone
		{53C51D49-762E-4D28-893C-EE2C328331A0}.Ad-Hoc|ARM.ActiveCfg = Ad-Hoc|iPhone
		{53C51D49-762E-4D28-893C-EE2C328331A0}.Ad-Hoc|iPhone.ActiveCfg = Ad-Hoc|iPhone
		{53C51D49-762E-4D28-893C-EE2C328331A0}.Ad-Hoc|iPhone.Build.0 = Ad-Hoc|iPhone
		{53C51D49-762E-4D28-893C-EE2C328331A0}.Ad-Hoc|iPhoneSimulator.ActiveCfg = Ad-Hoc|iPhoneSimulator
		{53C51D49-762E-4D28-893C-EE2C328331A0}.Ad-Hoc|iPhoneSimulator.Build.0 = Ad-Hoc|iPhoneSimulator
		{53C51D49-762E-4D28-893C-EE2C328331A0}.Ad-Hoc|x64.ActiveCfg = Ad-Hoc|iPhone
		{53C51D49-762E-4D28-893C-EE2C328331A0}.Ad-Hoc|x86.ActiveCfg = Ad-Hoc|iPhone
		{53C51D49-762E-4D28-893C-EE2C328331A0}.AppStore|Any CPU.ActiveCfg = AppStore|iPhone
		{53C51D49-762E-4D28-893C-EE2C328331A0}.AppStore|ARM.ActiveCfg = AppStore|iPhone
		{53C51D49-762E-4D28-893C-EE2C328331A0}.AppStore|iPhone.ActiveCfg = AppStore|iPhone
		{53C51D49-762E-4D28-893C-EE2C328331A0}.AppStore|iPhone.Build.0 = AppStore|iPhone
		{53C51D49-762E-4D28-893C-EE2C328331A0}.AppStore|iPhoneSimulator.ActiveCfg = AppStore|iPhoneSimulator
		{53C51D49-762E-4D28-893C-EE2C328331A0}.AppStore|iPhoneSimulator.Build.0 = AppStore|iPhoneSimulator
		{53C51D49-762E-4D28-893C-EE2C328331A0}.AppStore|x64.ActiveCfg = AppStore|iPhone
		{53C51D49-762E-4D28-893C-EE2C328331A0}.AppStore|x86.ActiveCfg = AppStore|iPhone
		{53C51D49-762E-4D28-893C-EE2C328331A0}.Debug|Any CPU.ActiveCfg = Debug|iPhone
		{53C51D49-762E-4D28-893C-EE2C328331A0}.Debug|ARM.ActiveCfg = Debug|iPhone
		{53C51D49-762E-4D28-893C-EE2C328331A0}.Debug|iPhone.ActiveCfg = Debug|iPhone
		{53C51D49-762E-4D28-893C-EE2C328331A0}.Debug|iPhone.Build.0 = Debug|iPhone
		{53C51D49-762E-4D28-893C-EE2C328331A0}.Debug|iPhoneSimulator.ActiveCfg = Debug|iPhoneSimulator
		{53C51D49-762E-4D28-893C-EE2C328331A0}.Debug|iPhoneSimulator.Build.0 = Debug|iPhoneSimulator
		{53C51D49-762E-4D28-893C-EE2C328331A0}.Debug|x64.ActiveCfg = Debug|iPhone
		{53C51D49-762E-4D28-893C-EE2C328331A0}.Debug|x86.ActiveCfg = Debug|iPhone
		{53C51D49-762E-4D28-893C-EE2C328331A0}.Release|Any CPU.ActiveCfg = Release|iPhone
		{53C51D49-762E-4D28-893C-EE2C328331A0}.Release|ARM.ActiveCfg = Release|iPhone
		{53C51D49-762E-4D28-893C-EE2C328331A0}.Release|iPhone.ActiveCfg = Release|iPhone
		{53C51D49-762E-4D28-893C-EE2C328331A0}.Release|iPhone.Build.0 = Release|iPhone
		{53C51D49-762E-4D28-893C-EE2C328331A0}.Release|iPhoneSimulator.ActiveCfg = Release|iPhoneSimulator
		{53C51D49-762E-4D28-893C-EE2C328331A0}.Release|iPhoneSimulator.Build.0 = Release|iPhoneSimulator
		{53C51D49-762E-4D28-893C-EE2C328331A0}.Release|x64.ActiveCfg = Release|iPhone
		{53C51D49-762E-4D28-893C-EE2C328331A0}.Release|x86.ActiveCfg = Release|iPhone
		{058013B0-AB23-4EF5-B1CB-DA1E26E9EF56}.Ad-Hoc|Any CPU.ActiveCfg = Release|Any CPU
		{058013B0-AB23-4EF5-B1CB-DA1E26E9EF56}.Ad-Hoc|Any CPU.Build.0 = Release|Any CPU
		{058013B0-AB23-4EF5-B1CB-DA1E26E9EF56}.Ad-Hoc|Any CPU.Deploy.0 = Release|Any CPU
		{058013B0-AB23-4EF5-B1CB-DA1E26E9EF56}.Ad-Hoc|ARM.ActiveCfg = Release|ARM
		{058013B0-AB23-4EF5-B1CB-DA1E26E9EF56}.Ad-Hoc|ARM.Build.0 = Release|ARM
		{058013B0-AB23-4EF5-B1CB-DA1E26E9EF56}.Ad-Hoc|ARM.Deploy.0 = Release|ARM
		{058013B0-AB23-4EF5-B1CB-DA1E26E9EF56}.Ad-Hoc|iPhone.ActiveCfg = Release|Any CPU
		{058013B0-AB23-4EF5-B1CB-DA1E26E9EF56}.Ad-Hoc|iPhone.Build.0 = Release|Any CPU
		{058013B0-AB23-4EF5-B1CB-DA1E26E9EF56}.Ad-Hoc|iPhone.Deploy.0 = Release|Any CPU
		{058013B0-AB23-4EF5-B1CB-DA1E26E9EF56}.Ad-Hoc|iPhoneSimulator.ActiveCfg = Release|Any CPU
		{058013B0-AB23-4EF5-B1CB-DA1E26E9EF56}.Ad-Hoc|iPhoneSimulator.Build.0 = Release|Any CPU
		{058013B0-AB23-4EF5-B1CB-DA1E26E9EF56}.Ad-Hoc|iPhoneSimulator.Deploy.0 = Release|Any CPU
		{058013B0-AB23-4EF5-B1CB-DA1E26E9EF56}.Ad-Hoc|x64.ActiveCfg = Release|Any CPU
		{058013B0-AB23-4EF5-B1CB-DA1E26E9EF56}.Ad-Hoc|x64.Build.0 = Release|Any CPU
		{058013B0-AB23-4EF5-B1CB-DA1E26E9EF56}.Ad-Hoc|x64.Deploy.0 = Release|Any CPU
		{058013B0-AB23-4EF5-B1CB-DA1E26E9EF56}.Ad-Hoc|x86.ActiveCfg = Release|x86
		{058013B0-AB23-4EF5-B1CB-DA1E26E9EF56}.Ad-Hoc|x86.Build.0 = Release|x86
		{058013B0-AB23-4EF5-B1CB-DA1E26E9EF56}.Ad-Hoc|x86.Deploy.0 = Release|x86
		{058013B0-AB23-4EF5-B1CB-DA1E26E9EF56}.AppStore|Any CPU.ActiveCfg = Release|Any CPU
		{058013B0-AB23-4EF5-B1CB-DA1E26E9EF56}.AppStore|Any CPU.Build.0 = Release|Any CPU
		{058013B0-AB23-4EF5-B1CB-DA1E26E9EF56}.AppStore|Any CPU.Deploy.0 = Release|Any CPU
		{058013B0-AB23-4EF5-B1CB-DA1E26E9EF56}.AppStore|ARM.ActiveCfg = Release|ARM
		{058013B0-AB23-4EF5-B1CB-DA1E26E9EF56}.AppStore|ARM.Build.0 = Release|ARM
		{058013B0-AB23-4EF5-B1CB-DA1E26E9EF56}.AppStore|ARM.Deploy.0 = Release|ARM
		{058013B0-AB23-4EF5-B1CB-DA1E26E9EF56}.AppStore|iPhone.ActiveCfg = Release|Any CPU
		{058013B0-AB23-4EF5-B1CB-DA1E26E9EF56}.AppStore|iPhone.Build.0 = Release|Any CPU
		{058013B0-AB23-4EF5-B1CB-DA1E26E9EF56}.AppStore|iPhone.Deploy.0 = Release|Any CPU
		{058013B0-AB23-4EF5-B1CB-DA1E26E9EF56}.AppStore|iPhoneSimulator.ActiveCfg = Release|Any CPU
		{058013B0-AB23-4EF5-B1CB-DA1E26E9EF56}.AppStore|iPhoneSimulator.Build.0 = Release|Any CPU
		{058013B0-AB23-4EF5-B1CB-DA1E26E9EF56}.AppStore|iPhoneSimulator.Deploy.0 = Release|Any CPU
		{058013B0-AB23-4EF5-B1CB-DA1E26E9EF56}.AppStore|x64.ActiveCfg = Release|Any CPU
		{058013B0-AB23-4EF5-B1CB-DA1E26E9EF56}.AppStore|x64.Build.0 = Release|Any CPU
		{058013B0-AB23-4EF5-B1CB-DA1E26E9EF56}.AppStore|x64.Deploy.0 = Release|Any CPU
		{058013B0-AB23-4EF5-B1CB-DA1E26E9EF56}.AppStore|x86.ActiveCfg = Release|x86
		{058013B0-AB23-4EF5-B1CB-DA1E26E9EF56}.AppStore|x86.Build.0 = Release|x86
		{058013B0-AB23-4EF5-B1CB-DA1E26E9EF56}.AppStore|x86.Deploy.0 = Release|x86
		{058013B0-AB23-4EF5-B1CB-DA1E26E9EF56}.Debug|Any CPU.ActiveCfg = Debug|Any CPU
		{058013B0-AB23-4EF5-B1CB-DA1E26E9EF56}.Debug|Any CPU.Build.0 = Debug|Any CPU
		{058013B0-AB23-4EF5-B1CB-DA1E26E9EF56}.Debug|Any CPU.Deploy.0 = Debug|Any CPU
		{058013B0-AB23-4EF5-B1CB-DA1E26E9EF56}.Debug|ARM.ActiveCfg = Debug|ARM
		{058013B0-AB23-4EF5-B1CB-DA1E26E9EF56}.Debug|ARM.Build.0 = Debug|ARM
		{058013B0-AB23-4EF5-B1CB-DA1E26E9EF56}.Debug|ARM.Deploy.0 = Debug|ARM
		{058013B0-AB23-4EF5-B1CB-DA1E26E9EF56}.Debug|iPhone.ActiveCfg = Debug|Any CPU
		{058013B0-AB23-4EF5-B1CB-DA1E26E9EF56}.Debug|iPhone.Build.0 = Debug|Any CPU
		{058013B0-AB23-4EF5-B1CB-DA1E26E9EF56}.Debug|iPhone.Deploy.0 = Debug|Any CPU
		{058013B0-AB23-4EF5-B1CB-DA1E26E9EF56}.Debug|iPhoneSimulator.ActiveCfg = Debug|Any CPU
		{058013B0-AB23-4EF5-B1CB-DA1E26E9EF56}.Debug|iPhoneSimulator.Build.0 = Debug|Any CPU
		{058013B0-AB23-4EF5-B1CB-DA1E26E9EF56}.Debug|iPhoneSimulator.Deploy.0 = Debug|Any CPU
		{058013B0-AB23-4EF5-B1CB-DA1E26E9EF56}.Debug|x64.ActiveCfg = Debug|Any CPU
		{058013B0-AB23-4EF5-B1CB-DA1E26E9EF56}.Debug|x64.Build.0 = Debug|Any CPU
		{058013B0-AB23-4EF5-B1CB-DA1E26E9EF56}.Debug|x64.Deploy.0 = Debug|Any CPU
		{058013B0-AB23-4EF5-B1CB-DA1E26E9EF56}.Debug|x86.ActiveCfg = Debug|x86
		{058013B0-AB23-4EF5-B1CB-DA1E26E9EF56}.Debug|x86.Build.0 = Debug|x86
		{058013B0-AB23-4EF5-B1CB-DA1E26E9EF56}.Debug|x86.Deploy.0 = Debug|x86
		{058013B0-AB23-4EF5-B1CB-DA1E26E9EF56}.Release|Any CPU.ActiveCfg = Release|Any CPU
		{058013B0-AB23-4EF5-B1CB-DA1E26E9EF56}.Release|Any CPU.Build.0 = Release|Any CPU
		{058013B0-AB23-4EF5-B1CB-DA1E26E9EF56}.Release|Any CPU.Deploy.0 = Release|Any CPU
		{058013B0-AB23-4EF5-B1CB-DA1E26E9EF56}.Release|ARM.ActiveCfg = Release|ARM
		{058013B0-AB23-4EF5-B1CB-DA1E26E9EF56}.Release|ARM.Build.0 = Release|ARM
		{058013B0-AB23-4EF5-B1CB-DA1E26E9EF56}.Release|ARM.Deploy.0 = Release|ARM
		{058013B0-AB23-4EF5-B1CB-DA1E26E9EF56}.Release|iPhone.ActiveCfg = Release|Any CPU
		{058013B0-AB23-4EF5-B1CB-DA1E26E9EF56}.Release|iPhone.Build.0 = Release|Any CPU
		{058013B0-AB23-4EF5-B1CB-DA1E26E9EF56}.Release|iPhone.Deploy.0 = Release|Any CPU
		{058013B0-AB23-4EF5-B1CB-DA1E26E9EF56}.Release|iPhoneSimulator.ActiveCfg = Release|Any CPU
		{058013B0-AB23-4EF5-B1CB-DA1E26E9EF56}.Release|iPhoneSimulator.Build.0 = Release|Any CPU
		{058013B0-AB23-4EF5-B1CB-DA1E26E9EF56}.Release|iPhoneSimulator.Deploy.0 = Release|Any CPU
		{058013B0-AB23-4EF5-B1CB-DA1E26E9EF56}.Release|x64.ActiveCfg = Release|Any CPU
		{058013B0-AB23-4EF5-B1CB-DA1E26E9EF56}.Release|x64.Build.0 = Release|Any CPU
		{058013B0-AB23-4EF5-B1CB-DA1E26E9EF56}.Release|x64.Deploy.0 = Release|Any CPU
		{058013B0-AB23-4EF5-B1CB-DA1E26E9EF56}.Release|x86.ActiveCfg = Release|x86
		{058013B0-AB23-4EF5-B1CB-DA1E26E9EF56}.Release|x86.Build.0 = Release|x86
		{058013B0-AB23-4EF5-B1CB-DA1E26E9EF56}.Release|x86.Deploy.0 = Release|x86
		{E47A9855-DE26-4B04-BA22-B694642520B4}.Ad-Hoc|Any CPU.ActiveCfg = Release|x86
		{E47A9855-DE26-4B04-BA22-B694642520B4}.Ad-Hoc|Any CPU.Build.0 = Release|x86
		{E47A9855-DE26-4B04-BA22-B694642520B4}.Ad-Hoc|Any CPU.Deploy.0 = Release|x86
		{E47A9855-DE26-4B04-BA22-B694642520B4}.Ad-Hoc|ARM.ActiveCfg = Release|ARM
		{E47A9855-DE26-4B04-BA22-B694642520B4}.Ad-Hoc|ARM.Build.0 = Release|ARM
		{E47A9855-DE26-4B04-BA22-B694642520B4}.Ad-Hoc|ARM.Deploy.0 = Release|ARM
		{E47A9855-DE26-4B04-BA22-B694642520B4}.Ad-Hoc|iPhone.ActiveCfg = Release|x86
		{E47A9855-DE26-4B04-BA22-B694642520B4}.Ad-Hoc|iPhone.Build.0 = Release|x86
		{E47A9855-DE26-4B04-BA22-B694642520B4}.Ad-Hoc|iPhone.Deploy.0 = Release|x86
		{E47A9855-DE26-4B04-BA22-B694642520B4}.Ad-Hoc|iPhoneSimulator.ActiveCfg = Release|x86
		{E47A9855-DE26-4B04-BA22-B694642520B4}.Ad-Hoc|iPhoneSimulator.Build.0 = Release|x86
		{E47A9855-DE26-4B04-BA22-B694642520B4}.Ad-Hoc|iPhoneSimulator.Deploy.0 = Release|x86
		{E47A9855-DE26-4B04-BA22-B694642520B4}.Ad-Hoc|x64.ActiveCfg = Release|x64
		{E47A9855-DE26-4B04-BA22-B694642520B4}.Ad-Hoc|x64.Build.0 = Release|x64
		{E47A9855-DE26-4B04-BA22-B694642520B4}.Ad-Hoc|x64.Deploy.0 = Release|x64
		{E47A9855-DE26-4B04-BA22-B694642520B4}.Ad-Hoc|x86.ActiveCfg = Release|x86
		{E47A9855-DE26-4B04-BA22-B694642520B4}.Ad-Hoc|x86.Build.0 = Release|x86
		{E47A9855-DE26-4B04-BA22-B694642520B4}.Ad-Hoc|x86.Deploy.0 = Release|x86
		{E47A9855-DE26-4B04-BA22-B694642520B4}.AppStore|Any CPU.ActiveCfg = Release|x86
		{E47A9855-DE26-4B04-BA22-B694642520B4}.AppStore|Any CPU.Build.0 = Release|x86
		{E47A9855-DE26-4B04-BA22-B694642520B4}.AppStore|Any CPU.Deploy.0 = Release|x86
		{E47A9855-DE26-4B04-BA22-B694642520B4}.AppStore|ARM.ActiveCfg = Release|ARM
		{E47A9855-DE26-4B04-BA22-B694642520B4}.AppStore|ARM.Build.0 = Release|ARM
		{E47A9855-DE26-4B04-BA22-B694642520B4}.AppStore|ARM.Deploy.0 = Release|ARM
		{E47A9855-DE26-4B04-BA22-B694642520B4}.AppStore|iPhone.ActiveCfg = Release|x86
		{E47A9855-DE26-4B04-BA22-B694642520B4}.AppStore|iPhone.Build.0 = Release|x86
		{E47A9855-DE26-4B04-BA22-B694642520B4}.AppStore|iPhone.Deploy.0 = Release|x86
		{E47A9855-DE26-4B04-BA22-B694642520B4}.AppStore|iPhoneSimulator.ActiveCfg = Release|x86
		{E47A9855-DE26-4B04-BA22-B694642520B4}.AppStore|iPhoneSimulator.Build.0 = Release|x86
		{E47A9855-DE26-4B04-BA22-B694642520B4}.AppStore|iPhoneSimulator.Deploy.0 = Release|x86
		{E47A9855-DE26-4B04-BA22-B694642520B4}.AppStore|x64.ActiveCfg = Release|x64
		{E47A9855-DE26-4B04-BA22-B694642520B4}.AppStore|x64.Build.0 = Release|x64
		{E47A9855-DE26-4B04-BA22-B694642520B4}.AppStore|x64.Deploy.0 = Release|x64
		{E47A9855-DE26-4B04-BA22-B694642520B4}.AppStore|x86.ActiveCfg = Release|x86
		{E47A9855-DE26-4B04-BA22-B694642520B4}.AppStore|x86.Build.0 = Release|x86
		{E47A9855-DE26-4B04-BA22-B694642520B4}.AppStore|x86.Deploy.0 = Release|x86
		{E47A9855-DE26-4B04-BA22-B694642520B4}.Debug|Any CPU.ActiveCfg = Debug|x86
		{E47A9855-DE26-4B04-BA22-B694642520B4}.Debug|ARM.ActiveCfg = Debug|ARM
		{E47A9855-DE26-4B04-BA22-B694642520B4}.Debug|ARM.Build.0 = Debug|ARM
		{E47A9855-DE26-4B04-BA22-B694642520B4}.Debug|ARM.Deploy.0 = Debug|ARM
		{E47A9855-DE26-4B04-BA22-B694642520B4}.Debug|iPhone.ActiveCfg = Debug|x86
		{E47A9855-DE26-4B04-BA22-B694642520B4}.Debug|iPhoneSimulator.ActiveCfg = Debug|x86
		{E47A9855-DE26-4B04-BA22-B694642520B4}.Debug|x64.ActiveCfg = Debug|x64
		{E47A9855-DE26-4B04-BA22-B694642520B4}.Debug|x64.Build.0 = Debug|x64
		{E47A9855-DE26-4B04-BA22-B694642520B4}.Debug|x64.Deploy.0 = Debug|x64
		{E47A9855-DE26-4B04-BA22-B694642520B4}.Debug|x86.ActiveCfg = Debug|x86
		{E47A9855-DE26-4B04-BA22-B694642520B4}.Debug|x86.Build.0 = Debug|x86
		{E47A9855-DE26-4B04-BA22-B694642520B4}.Debug|x86.Deploy.0 = Debug|x86
		{E47A9855-DE26-4B04-BA22-B694642520B4}.Release|Any CPU.ActiveCfg = Release|x86
		{E47A9855-DE26-4B04-BA22-B694642520B4}.Release|ARM.ActiveCfg = Release|ARM
		{E47A9855-DE26-4B04-BA22-B694642520B4}.Release|ARM.Build.0 = Release|ARM
		{E47A9855-DE26-4B04-BA22-B694642520B4}.Release|ARM.Deploy.0 = Release|ARM
		{E47A9855-DE26-4B04-BA22-B694642520B4}.Release|iPhone.ActiveCfg = Release|x86
		{E47A9855-DE26-4B04-BA22-B694642520B4}.Release|iPhoneSimulator.ActiveCfg = Release|x86
		{E47A9855-DE26-4B04-BA22-B694642520B4}.Release|x64.ActiveCfg = Release|x64
		{E47A9855-DE26-4B04-BA22-B694642520B4}.Release|x64.Build.0 = Release|x64
		{E47A9855-DE26-4B04-BA22-B694642520B4}.Release|x64.Deploy.0 = Release|x64
		{E47A9855-DE26-4B04-BA22-B694642520B4}.Release|x86.ActiveCfg = Release|x86
		{E47A9855-DE26-4B04-BA22-B694642520B4}.Release|x86.Build.0 = Release|x86
		{E47A9855-DE26-4B04-BA22-B694642520B4}.Release|x86.Deploy.0 = Release|x86
		{1D6C0585-F234-4758-9317-E95039136FD2}.Ad-Hoc|Any CPU.ActiveCfg = Release|Any CPU
		{1D6C0585-F234-4758-9317-E95039136FD2}.Ad-Hoc|Any CPU.Build.0 = Release|Any CPU
		{1D6C0585-F234-4758-9317-E95039136FD2}.Ad-Hoc|Any CPU.Deploy.0 = Release|Any CPU
		{1D6C0585-F234-4758-9317-E95039136FD2}.Ad-Hoc|ARM.ActiveCfg = Release|ARM
		{1D6C0585-F234-4758-9317-E95039136FD2}.Ad-Hoc|ARM.Build.0 = Release|ARM
		{1D6C0585-F234-4758-9317-E95039136FD2}.Ad-Hoc|ARM.Deploy.0 = Release|ARM
		{1D6C0585-F234-4758-9317-E95039136FD2}.Ad-Hoc|iPhone.ActiveCfg = Release|Any CPU
		{1D6C0585-F234-4758-9317-E95039136FD2}.Ad-Hoc|iPhone.Build.0 = Release|Any CPU
		{1D6C0585-F234-4758-9317-E95039136FD2}.Ad-Hoc|iPhone.Deploy.0 = Release|Any CPU
		{1D6C0585-F234-4758-9317-E95039136FD2}.Ad-Hoc|iPhoneSimulator.ActiveCfg = Release|Any CPU
		{1D6C0585-F234-4758-9317-E95039136FD2}.Ad-Hoc|iPhoneSimulator.Build.0 = Release|Any CPU
		{1D6C0585-F234-4758-9317-E95039136FD2}.Ad-Hoc|iPhoneSimulator.Deploy.0 = Release|Any CPU
		{1D6C0585-F234-4758-9317-E95039136FD2}.Ad-Hoc|x64.ActiveCfg = Release|x64
		{1D6C0585-F234-4758-9317-E95039136FD2}.Ad-Hoc|x64.Build.0 = Release|x64
		{1D6C0585-F234-4758-9317-E95039136FD2}.Ad-Hoc|x64.Deploy.0 = Release|x64
		{1D6C0585-F234-4758-9317-E95039136FD2}.Ad-Hoc|x86.ActiveCfg = Release|x86
		{1D6C0585-F234-4758-9317-E95039136FD2}.Ad-Hoc|x86.Build.0 = Release|x86
		{1D6C0585-F234-4758-9317-E95039136FD2}.Ad-Hoc|x86.Deploy.0 = Release|x86
		{1D6C0585-F234-4758-9317-E95039136FD2}.AppStore|Any CPU.ActiveCfg = Release|Any CPU
		{1D6C0585-F234-4758-9317-E95039136FD2}.AppStore|Any CPU.Build.0 = Release|Any CPU
		{1D6C0585-F234-4758-9317-E95039136FD2}.AppStore|Any CPU.Deploy.0 = Release|Any CPU
		{1D6C0585-F234-4758-9317-E95039136FD2}.AppStore|ARM.ActiveCfg = Release|ARM
		{1D6C0585-F234-4758-9317-E95039136FD2}.AppStore|ARM.Build.0 = Release|ARM
		{1D6C0585-F234-4758-9317-E95039136FD2}.AppStore|ARM.Deploy.0 = Release|ARM
		{1D6C0585-F234-4758-9317-E95039136FD2}.AppStore|iPhone.ActiveCfg = Release|Any CPU
		{1D6C0585-F234-4758-9317-E95039136FD2}.AppStore|iPhone.Build.0 = Release|Any CPU
		{1D6C0585-F234-4758-9317-E95039136FD2}.AppStore|iPhone.Deploy.0 = Release|Any CPU
		{1D6C0585-F234-4758-9317-E95039136FD2}.AppStore|iPhoneSimulator.ActiveCfg = Release|Any CPU
		{1D6C0585-F234-4758-9317-E95039136FD2}.AppStore|iPhoneSimulator.Build.0 = Release|Any CPU
		{1D6C0585-F234-4758-9317-E95039136FD2}.AppStore|iPhoneSimulator.Deploy.0 = Release|Any CPU
		{1D6C0585-F234-4758-9317-E95039136FD2}.AppStore|x64.ActiveCfg = Release|x64
		{1D6C0585-F234-4758-9317-E95039136FD2}.AppStore|x64.Build.0 = Release|x64
		{1D6C0585-F234-4758-9317-E95039136FD2}.AppStore|x64.Deploy.0 = Release|x64
		{1D6C0585-F234-4758-9317-E95039136FD2}.AppStore|x86.ActiveCfg = Release|x86
		{1D6C0585-F234-4758-9317-E95039136FD2}.AppStore|x86.Build.0 = Release|x86
		{1D6C0585-F234-4758-9317-E95039136FD2}.AppStore|x86.Deploy.0 = Release|x86
		{1D6C0585-F234-4758-9317-E95039136FD2}.Debug|Any CPU.ActiveCfg = Debug|Any CPU
		{1D6C0585-F234-4758-9317-E95039136FD2}.Debug|Any CPU.Build.0 = Debug|Any CPU
		{1D6C0585-F234-4758-9317-E95039136FD2}.Debug|Any CPU.Deploy.0 = Debug|Any CPU
		{1D6C0585-F234-4758-9317-E95039136FD2}.Debug|ARM.ActiveCfg = Debug|ARM
		{1D6C0585-F234-4758-9317-E95039136FD2}.Debug|ARM.Build.0 = Debug|ARM
		{1D6C0585-F234-4758-9317-E95039136FD2}.Debug|ARM.Deploy.0 = Debug|ARM
		{1D6C0585-F234-4758-9317-E95039136FD2}.Debug|iPhone.ActiveCfg = Debug|Any CPU
		{1D6C0585-F234-4758-9317-E95039136FD2}.Debug|iPhone.Build.0 = Debug|Any CPU
		{1D6C0585-F234-4758-9317-E95039136FD2}.Debug|iPhone.Deploy.0 = Debug|Any CPU
		{1D6C0585-F234-4758-9317-E95039136FD2}.Debug|iPhoneSimulator.ActiveCfg = Debug|Any CPU
		{1D6C0585-F234-4758-9317-E95039136FD2}.Debug|iPhoneSimulator.Build.0 = Debug|Any CPU
		{1D6C0585-F234-4758-9317-E95039136FD2}.Debug|iPhoneSimulator.Deploy.0 = Debug|Any CPU
		{1D6C0585-F234-4758-9317-E95039136FD2}.Debug|x64.ActiveCfg = Debug|x64
		{1D6C0585-F234-4758-9317-E95039136FD2}.Debug|x64.Build.0 = Debug|x64
		{1D6C0585-F234-4758-9317-E95039136FD2}.Debug|x64.Deploy.0 = Debug|x64
		{1D6C0585-F234-4758-9317-E95039136FD2}.Debug|x86.ActiveCfg = Debug|x86
		{1D6C0585-F234-4758-9317-E95039136FD2}.Debug|x86.Build.0 = Debug|x86
		{1D6C0585-F234-4758-9317-E95039136FD2}.Debug|x86.Deploy.0 = Debug|x86
		{1D6C0585-F234-4758-9317-E95039136FD2}.Release|Any CPU.ActiveCfg = Release|Any CPU
		{1D6C0585-F234-4758-9317-E95039136FD2}.Release|Any CPU.Build.0 = Release|Any CPU
		{1D6C0585-F234-4758-9317-E95039136FD2}.Release|Any CPU.Deploy.0 = Release|Any CPU
		{1D6C0585-F234-4758-9317-E95039136FD2}.Release|ARM.ActiveCfg = Release|ARM
		{1D6C0585-F234-4758-9317-E95039136FD2}.Release|ARM.Build.0 = Release|ARM
		{1D6C0585-F234-4758-9317-E95039136FD2}.Release|ARM.Deploy.0 = Release|ARM
		{1D6C0585-F234-4758-9317-E95039136FD2}.Release|iPhone.ActiveCfg = Release|Any CPU
		{1D6C0585-F234-4758-9317-E95039136FD2}.Release|iPhone.Build.0 = Release|Any CPU
		{1D6C0585-F234-4758-9317-E95039136FD2}.Release|iPhone.Deploy.0 = Release|Any CPU
		{1D6C0585-F234-4758-9317-E95039136FD2}.Release|iPhoneSimulator.ActiveCfg = Release|Any CPU
		{1D6C0585-F234-4758-9317-E95039136FD2}.Release|iPhoneSimulator.Build.0 = Release|Any CPU
		{1D6C0585-F234-4758-9317-E95039136FD2}.Release|iPhoneSimulator.Deploy.0 = Release|Any CPU
		{1D6C0585-F234-4758-9317-E95039136FD2}.Release|x64.ActiveCfg = Release|x64
		{1D6C0585-F234-4758-9317-E95039136FD2}.Release|x64.Build.0 = Release|x64
		{1D6C0585-F234-4758-9317-E95039136FD2}.Release|x64.Deploy.0 = Release|x64
		{1D6C0585-F234-4758-9317-E95039136FD2}.Release|x86.ActiveCfg = Release|x86
		{1D6C0585-F234-4758-9317-E95039136FD2}.Release|x86.Build.0 = Release|x86
		{1D6C0585-F234-4758-9317-E95039136FD2}.Release|x86.Deploy.0 = Release|x86
	EndGlobalSection
	GlobalSection(SolutionProperties) = preSolution
		HideSolutionNode = FALSE
	EndGlobalSection
EndGlobal
